// !$*UTF8*$!
{
	archiveVersion = 1;
	classes = {
	};
	objectVersion = 46;
	objects = {

/* Begin PBXBuildFile section */
		5003ABE819D6CEA40038DD74 /* libAMF.a in Frameworks */ = {isa = PBXBuildFile; fileRef = 5003ABD919D6CE780038DD74 /* libAMF.a */; };
		5003ABE919D6CEA40038DD74 /* libCoreMediaPlus.a in Frameworks */ = {isa = PBXBuildFile; fileRef = 5003ABDF19D6CE850038DD74 /* libCoreMediaPlus.a */; };
		5003ABF019D6D39C0038DD74 /* CMVideoCodec+FLV.c in Sources */ = {isa = PBXBuildFile; fileRef = 5003ABEE19D6D39C0038DD74 /* CMVideoCodec+FLV.c */; };
		5003ABF119D6D39C0038DD74 /* CMVideoCodec+FLV.h in Headers */ = {isa = PBXBuildFile; fileRef = 5003ABEF19D6D39C0038DD74 /* CMVideoCodec+FLV.h */; };
		5003ABF419D6D7BA0038DD74 /* CMAudioCodec+FLV.c in Sources */ = {isa = PBXBuildFile; fileRef = 5003ABF219D6D7BA0038DD74 /* CMAudioCodec+FLV.c */; };
		5003ABF519D6D7BA0038DD74 /* CMAudioCodec+FLV.h in Headers */ = {isa = PBXBuildFile; fileRef = 5003ABF319D6D7BA0038DD74 /* CMAudioCodec+FLV.h */; };
		5024F82A18ED5DAE00B96639 /* Cocoa.framework in Frameworks */ = {isa = PBXBuildFile; fileRef = 5024F82918ED5DAE00B96639 /* Cocoa.framework */; };
		5024F85418ED5DFE00B96639 /* FLV.h in Headers */ = {isa = PBXBuildFile; fileRef = 5024F85218ED5DFE00B96639 /* FLV.h */; };
		5024F8E618ED672E00B96639 /* FLVWriter.h in Headers */ = {isa = PBXBuildFile; fileRef = 5024F8E418ED672E00B96639 /* FLVWriter.h */; };
		5024F8E718ED672E00B96639 /* FLVWriter.m in Sources */ = {isa = PBXBuildFile; fileRef = 5024F8E518ED672E00B96639 /* FLVWriter.m */; };
		5024F8EE18ED686B00B96639 /* CMSampleBuffer+FLV.h in Headers */ = {isa = PBXBuildFile; fileRef = 5024F8EC18ED686B00B96639 /* CMSampleBuffer+FLV.h */; };
		5024F8EF18ED686B00B96639 /* CMSampleBuffer+FLV.c in Sources */ = {isa = PBXBuildFile; fileRef = 5024F8ED18ED686B00B96639 /* CMSampleBuffer+FLV.c */; };
		509614A119D6CB8F005F290E /* FLVSampleMovie.m in Sources */ = {isa = PBXBuildFile; fileRef = 509614A019D6CB8F005F290E /* FLVSampleMovie.m */; };
		509614A219D6CB8F005F290E /* libFLV.a in Frameworks */ = {isa = PBXBuildFile; fileRef = 5024F82618ED5DAE00B96639 /* libFLV.a */; };
		50BE064D1A1A384B00E5901C /* CMVideoFormatDescription+FLV.h in Headers */ = {isa = PBXBuildFile; fileRef = 50BE064B1A1A384B00E5901C /* CMVideoFormatDescription+FLV.h */; };
		50BE064E1A1A384B00E5901C /* CMVideoFormatDescription+FLV.c in Sources */ = {isa = PBXBuildFile; fileRef = 50BE064C1A1A384B00E5901C /* CMVideoFormatDescription+FLV.c */; };
		50BE06571A1A3BA500E5901C /* CMAudioFormatDescription+FLV.h in Headers */ = {isa = PBXBuildFile; fileRef = 50BE06551A1A3BA500E5901C /* CMAudioFormatDescription+FLV.h */; };
		50BE06581A1A3BA500E5901C /* CMAudioFormatDescription+FLV.c in Sources */ = {isa = PBXBuildFile; fileRef = 50BE06561A1A3BA500E5901C /* CMAudioFormatDescription+FLV.c */; };
/* End PBXBuildFile section */

/* Begin PBXContainerItemProxy section */
		5003ABD819D6CE780038DD74 /* PBXContainerItemProxy */ = {
			isa = PBXContainerItemProxy;
			containerPortal = 5003ABD419D6CE780038DD74 /* AMF-OSX.xcodeproj */;
			proxyType = 2;
			remoteGlobalIDString = 50B3377518D83F5100380ECB;
			remoteInfo = AMF;
		};
		5003ABDE19D6CE850038DD74 /* PBXContainerItemProxy */ = {
			isa = PBXContainerItemProxy;
			containerPortal = 5003ABDA19D6CE850038DD74 /* CoreMediaPlus-OSX.xcodeproj */;
			proxyType = 2;
			remoteGlobalIDString = 5060F47B188DAD6E00621460;
			remoteInfo = CoreMediaPlus;
		};
		5003ABE419D6CE9F0038DD74 /* PBXContainerItemProxy */ = {
			isa = PBXContainerItemProxy;
			containerPortal = 5003ABD419D6CE780038DD74 /* AMF-OSX.xcodeproj */;
			proxyType = 1;
			remoteGlobalIDString = 50B3377418D83F5100380ECB;
			remoteInfo = AMF;
		};
		5003ABE619D6CE9F0038DD74 /* PBXContainerItemProxy */ = {
			isa = PBXContainerItemProxy;
			containerPortal = 5003ABDA19D6CE850038DD74 /* CoreMediaPlus-OSX.xcodeproj */;
			proxyType = 1;
			remoteGlobalIDString = 5060F47A188DAD6E00621460;
			remoteInfo = CoreMediaPlus;
		};
		509614A319D6CB8F005F290E /* PBXContainerItemProxy */ = {
			isa = PBXContainerItemProxy;
			containerPortal = 5024F81E18ED5DAE00B96639 /* Project object */;
			proxyType = 1;
			remoteGlobalIDString = 5024F82518ED5DAE00B96639;
			remoteInfo = FLV;
		};
		50BE06501A1A384B00E5901C /* PBXContainerItemProxy */ = {
			isa = PBXContainerItemProxy;
			containerPortal = 5003ABD419D6CE780038DD74 /* AMF-OSX.xcodeproj */;
			proxyType = 2;
			remoteGlobalIDString = 5053A01F19D7761C00A2F024;
			remoteInfo = AMFTests;
		};
		50BE06531A1A384B00E5901C /* PBXContainerItemProxy */ = {
			isa = PBXContainerItemProxy;
			containerPortal = 5003ABDA19D6CE850038DD74 /* CoreMediaPlus-OSX.xcodeproj */;
			proxyType = 2;
			remoteGlobalIDString = 503BBD3719E264F0002219B6;
			remoteInfo = CoreMediaPlusTests;
		};
/* End PBXContainerItemProxy section */

/* Begin PBXFileReference section */
		5003ABD419D6CE780038DD74 /* AMF-OSX.xcodeproj */ = {isa = PBXFileReference; lastKnownFileType = "wrapper.pb-project"; name = "AMF-OSX.xcodeproj"; path = "../AMF/AMF-OSX.xcodeproj"; sourceTree = "<group>"; };
		5003ABDA19D6CE850038DD74 /* CoreMediaPlus-OSX.xcodeproj */ = {isa = PBXFileReference; lastKnownFileType = "wrapper.pb-project"; name = "CoreMediaPlus-OSX.xcodeproj"; path = "../CoreMediaPlus/CoreMediaPlus-OSX.xcodeproj"; sourceTree = "<group>"; };
		5003ABEE19D6D39C0038DD74 /* CMVideoCodec+FLV.c */ = {isa = PBXFileReference; fileEncoding = 4; lastKnownFileType = sourcecode.c.c; path = "CMVideoCodec+FLV.c"; sourceTree = "<group>"; };
		5003ABEF19D6D39C0038DD74 /* CMVideoCodec+FLV.h */ = {isa = PBXFileReference; fileEncoding = 4; lastKnownFileType = sourcecode.c.h; path = "CMVideoCodec+FLV.h"; sourceTree = "<group>"; };
		5003ABF219D6D7BA0038DD74 /* CMAudioCodec+FLV.c */ = {isa = PBXFileReference; fileEncoding = 4; lastKnownFileType = sourcecode.c.c; path = "CMAudioCodec+FLV.c"; sourceTree = "<group>"; };
		5003ABF319D6D7BA0038DD74 /* CMAudioCodec+FLV.h */ = {isa = PBXFileReference; fileEncoding = 4; lastKnownFileType = sourcecode.c.h; path = "CMAudioCodec+FLV.h"; sourceTree = "<group>"; };
		5024F82618ED5DAE00B96639 /* libFLV.a */ = {isa = PBXFileReference; explicitFileType = archive.ar; includeInIndex = 0; path = libFLV.a; sourceTree = BUILT_PRODUCTS_DIR; };
		5024F82918ED5DAE00B96639 /* Cocoa.framework */ = {isa = PBXFileReference; lastKnownFileType = wrapper.framework; name = Cocoa.framework; path = System/Library/Frameworks/Cocoa.framework; sourceTree = SDKROOT; };
		5024F82C18ED5DAE00B96639 /* Foundation.framework */ = {isa = PBXFileReference; lastKnownFileType = wrapper.framework; name = Foundation.framework; path = System/Library/Frameworks/Foundation.framework; sourceTree = SDKROOT; };
		5024F82D18ED5DAE00B96639 /* CoreData.framework */ = {isa = PBXFileReference; lastKnownFileType = wrapper.framework; name = CoreData.framework; path = System/Library/Frameworks/CoreData.framework; sourceTree = SDKROOT; };
		5024F82E18ED5DAE00B96639 /* AppKit.framework */ = {isa = PBXFileReference; lastKnownFileType = wrapper.framework; name = AppKit.framework; path = System/Library/Frameworks/AppKit.framework; sourceTree = SDKROOT; };
		5024F83A18ED5DAE00B96639 /* XCTest.framework */ = {isa = PBXFileReference; lastKnownFileType = wrapper.framework; name = XCTest.framework; path = Library/Frameworks/XCTest.framework; sourceTree = DEVELOPER_DIR; };
		5024F85218ED5DFE00B96639 /* FLV.h */ = {isa = PBXFileReference; fileEncoding = 4; lastKnownFileType = sourcecode.c.h; path = FLV.h; sourceTree = "<group>"; };
		5024F8E418ED672E00B96639 /* FLVWriter.h */ = {isa = PBXFileReference; fileEncoding = 4; lastKnownFileType = sourcecode.c.h; path = FLVWriter.h; sourceTree = "<group>"; };
		5024F8E518ED672E00B96639 /* FLVWriter.m */ = {isa = PBXFileReference; fileEncoding = 4; lastKnownFileType = sourcecode.c.objc; path = FLVWriter.m; sourceTree = "<group>"; };
		5024F8EC18ED686B00B96639 /* CMSampleBuffer+FLV.h */ = {isa = PBXFileReference; fileEncoding = 4; lastKnownFileType = sourcecode.c.h; path = "CMSampleBuffer+FLV.h"; sourceTree = "<group>"; };
		5024F8ED18ED686B00B96639 /* CMSampleBuffer+FLV.c */ = {isa = PBXFileReference; fileEncoding = 4; lastKnownFileType = sourcecode.c.c; path = "CMSampleBuffer+FLV.c"; sourceTree = "<group>"; };
		5096149C19D6CB8F005F290E /* FLVTests.xctest */ = {isa = PBXFileReference; explicitFileType = wrapper.cfbundle; includeInIndex = 0; path = FLVTests.xctest; sourceTree = BUILT_PRODUCTS_DIR; };
		5096149F19D6CB8F005F290E /* Info.plist */ = {isa = PBXFileReference; lastKnownFileType = text.plist.xml; path = Info.plist; sourceTree = "<group>"; };
		509614A019D6CB8F005F290E /* FLVSampleMovie.m */ = {isa = PBXFileReference; lastKnownFileType = sourcecode.c.objc; path = FLVSampleMovie.m; sourceTree = "<group>"; };
		50BE064B1A1A384B00E5901C /* CMVideoFormatDescription+FLV.h */ = {isa = PBXFileReference; fileEncoding = 4; lastKnownFileType = sourcecode.c.h; path = "CMVideoFormatDescription+FLV.h"; sourceTree = "<group>"; };
		50BE064C1A1A384B00E5901C /* CMVideoFormatDescription+FLV.c */ = {isa = PBXFileReference; fileEncoding = 4; lastKnownFileType = sourcecode.c.c; path = "CMVideoFormatDescription+FLV.c"; sourceTree = "<group>"; };
		50BE06551A1A3BA500E5901C /* CMAudioFormatDescription+FLV.h */ = {isa = PBXFileReference; fileEncoding = 4; lastKnownFileType = sourcecode.c.h; path = "CMAudioFormatDescription+FLV.h"; sourceTree = "<group>"; };
		50BE06561A1A3BA500E5901C /* CMAudioFormatDescription+FLV.c */ = {isa = PBXFileReference; fileEncoding = 4; lastKnownFileType = sourcecode.c.c; path = "CMAudioFormatDescription+FLV.c"; sourceTree = "<group>"; };
/* End PBXFileReference section */

/* Begin PBXFrameworksBuildPhase section */
		5024F82318ED5DAE00B96639 /* Frameworks */ = {
			isa = PBXFrameworksBuildPhase;
			buildActionMask = 2147483647;
			files = (
				5024F82A18ED5DAE00B96639 /* Cocoa.framework in Frameworks */,
			);
			runOnlyForDeploymentPostprocessing = 0;
		};
		5096149919D6CB8F005F290E /* Frameworks */ = {
			isa = PBXFrameworksBuildPhase;
			buildActionMask = 2147483647;
			files = (
				5003ABE819D6CEA40038DD74 /* libAMF.a in Frameworks */,
				5003ABE919D6CEA40038DD74 /* libCoreMediaPlus.a in Frameworks */,
				509614A219D6CB8F005F290E /* libFLV.a in Frameworks */,
			);
			runOnlyForDeploymentPostprocessing = 0;
		};
/* End PBXFrameworksBuildPhase section */

/* Begin PBXGroup section */
		5003ABD519D6CE780038DD74 /* Products */ = {
			isa = PBXGroup;
			children = (
				5003ABD919D6CE780038DD74 /* libAMF.a */,
				50BE06511A1A384B00E5901C /* AMFTests.xctest */,
			);
			name = Products;
			sourceTree = "<group>";
		};
		5003ABDB19D6CE850038DD74 /* Products */ = {
			isa = PBXGroup;
			children = (
				5003ABDF19D6CE850038DD74 /* libCoreMediaPlus.a */,
				50BE06541A1A384B00E5901C /* CoreMediaPlusTests.xctest */,
			);
			name = Products;
			sourceTree = "<group>";
		};
		5024F81D18ED5DAE00B96639 = {
			isa = PBXGroup;
			children = (
				5003ABD419D6CE780038DD74 /* AMF-OSX.xcodeproj */,
				5003ABDA19D6CE850038DD74 /* CoreMediaPlus-OSX.xcodeproj */,
				5024F85018ED5DF500B96639 /* FLV */,
				5096149D19D6CB8F005F290E /* FLVTests */,
				5024F82818ED5DAE00B96639 /* Frameworks */,
				5024F82718ED5DAE00B96639 /* Products */,
			);
			sourceTree = "<group>";
		};
		5024F82718ED5DAE00B96639 /* Products */ = {
			isa = PBXGroup;
			children = (
				5024F82618ED5DAE00B96639 /* libFLV.a */,
				5096149C19D6CB8F005F290E /* FLVTests.xctest */,
			);
			name = Products;
			sourceTree = "<group>";
		};
		5024F82818ED5DAE00B96639 /* Frameworks */ = {
			isa = PBXGroup;
			children = (
				5024F82918ED5DAE00B96639 /* Cocoa.framework */,
				5024F83A18ED5DAE00B96639 /* XCTest.framework */,
				5024F82B18ED5DAE00B96639 /* Other Frameworks */,
			);
			name = Frameworks;
			sourceTree = "<group>";
		};
		5024F82B18ED5DAE00B96639 /* Other Frameworks */ = {
			isa = PBXGroup;
			children = (
				5024F82C18ED5DAE00B96639 /* Foundation.framework */,
				5024F82D18ED5DAE00B96639 /* CoreData.framework */,
				5024F82E18ED5DAE00B96639 /* AppKit.framework */,
			);
			name = "Other Frameworks";
			sourceTree = "<group>";
		};
		5024F85018ED5DF500B96639 /* FLV */ = {
			isa = PBXGroup;
			children = (
				5024F85218ED5DFE00B96639 /* FLV.h */,
				5024F8E418ED672E00B96639 /* FLVWriter.h */,
				5024F8E518ED672E00B96639 /* FLVWriter.m */,
				5003ABF319D6D7BA0038DD74 /* CMAudioCodec+FLV.h */,
				5003ABF219D6D7BA0038DD74 /* CMAudioCodec+FLV.c */,
				50BE06551A1A3BA500E5901C /* CMAudioFormatDescription+FLV.h */,
				50BE06561A1A3BA500E5901C /* CMAudioFormatDescription+FLV.c */,
				5024F8EC18ED686B00B96639 /* CMSampleBuffer+FLV.h */,
				5024F8ED18ED686B00B96639 /* CMSampleBuffer+FLV.c */,
				5003ABEF19D6D39C0038DD74 /* CMVideoCodec+FLV.h */,
				5003ABEE19D6D39C0038DD74 /* CMVideoCodec+FLV.c */,
				50BE064B1A1A384B00E5901C /* CMVideoFormatDescription+FLV.h */,
				50BE064C1A1A384B00E5901C /* CMVideoFormatDescription+FLV.c */,
			);
			name = FLV;
			sourceTree = "<group>";
		};
		5096149D19D6CB8F005F290E /* FLVTests */ = {
			isa = PBXGroup;
			children = (
				509614A019D6CB8F005F290E /* FLVSampleMovie.m */,
				5096149E19D6CB8F005F290E /* Supporting Files */,
			);
			path = FLVTests;
			sourceTree = "<group>";
		};
		5096149E19D6CB8F005F290E /* Supporting Files */ = {
			isa = PBXGroup;
			children = (
				5096149F19D6CB8F005F290E /* Info.plist */,
			);
			name = "Supporting Files";
			sourceTree = "<group>";
		};
/* End PBXGroup section */

/* Begin PBXHeadersBuildPhase section */
		5024F82418ED5DAE00B96639 /* Headers */ = {
			isa = PBXHeadersBuildPhase;
			buildActionMask = 2147483647;
			files = (
				5003ABF119D6D39C0038DD74 /* CMVideoCodec+FLV.h in Headers */,
				5024F8EE18ED686B00B96639 /* CMSampleBuffer+FLV.h in Headers */,
				5024F8E618ED672E00B96639 /* FLVWriter.h in Headers */,
				50BE06571A1A3BA500E5901C /* CMAudioFormatDescription+FLV.h in Headers */,
				50BE064D1A1A384B00E5901C /* CMVideoFormatDescription+FLV.h in Headers */,
				5024F85418ED5DFE00B96639 /* FLV.h in Headers */,
				5003ABF519D6D7BA0038DD74 /* CMAudioCodec+FLV.h in Headers */,
			);
			runOnlyForDeploymentPostprocessing = 0;
		};
/* End PBXHeadersBuildPhase section */

/* Begin PBXNativeTarget section */
		5024F82518ED5DAE00B96639 /* FLV */ = {
			isa = PBXNativeTarget;
			buildConfigurationList = 5024F84A18ED5DAE00B96639 /* Build configuration list for PBXNativeTarget "FLV" */;
			buildPhases = (
				5024F82218ED5DAE00B96639 /* Sources */,
				5024F82318ED5DAE00B96639 /* Frameworks */,
				5024F82418ED5DAE00B96639 /* Headers */,
			);
			buildRules = (
			);
			dependencies = (
			);
			name = FLV;
			productName = FLV;
			productReference = 5024F82618ED5DAE00B96639 /* libFLV.a */;
			productType = "com.apple.product-type.library.static";
		};
		5096149B19D6CB8F005F290E /* FLVTests */ = {
			isa = PBXNativeTarget;
			buildConfigurationList = 509614A719D6CB8F005F290E /* Build configuration list for PBXNativeTarget "FLVTests" */;
			buildPhases = (
				5096149819D6CB8F005F290E /* Sources */,
				5096149919D6CB8F005F290E /* Frameworks */,
				5096149A19D6CB8F005F290E /* Resources */,
			);
			buildRules = (
			);
			dependencies = (
				5003ABE519D6CE9F0038DD74 /* PBXTargetDependency */,
				5003ABE719D6CE9F0038DD74 /* PBXTargetDependency */,
				509614A419D6CB8F005F290E /* PBXTargetDependency */,
			);
			name = FLVTests;
			productName = FLVTests;
			productReference = 5096149C19D6CB8F005F290E /* FLVTests.xctest */;
			productType = "com.apple.product-type.bundle.unit-test";
		};
/* End PBXNativeTarget section */

/* Begin PBXProject section */
		5024F81E18ED5DAE00B96639 /* Project object */ = {
			isa = PBXProject;
			attributes = {
				LastUpgradeCheck = 0600;
				ORGANIZATIONNAME = McZonk;
				TargetAttributes = {
					5096149B19D6CB8F005F290E = {
						CreatedOnToolsVersion = 6.1;
					};
				};
			};
			buildConfigurationList = 5024F82118ED5DAE00B96639 /* Build configuration list for PBXProject "FLV-OSX" */;
			compatibilityVersion = "Xcode 3.2";
			developmentRegion = English;
			hasScannedForEncodings = 0;
			knownRegions = (
				en,
			);
			mainGroup = 5024F81D18ED5DAE00B96639;
			productRefGroup = 5024F82718ED5DAE00B96639 /* Products */;
			projectDirPath = "";
			projectReferences = (
				{
					ProductGroup = 5003ABD519D6CE780038DD74 /* Products */;
					ProjectRef = 5003ABD419D6CE780038DD74 /* AMF-OSX.xcodeproj */;
				},
				{
					ProductGroup = 5003ABDB19D6CE850038DD74 /* Products */;
					ProjectRef = 5003ABDA19D6CE850038DD74 /* CoreMediaPlus-OSX.xcodeproj */;
				},
			);
			projectRoot = "";
			targets = (
				5024F82518ED5DAE00B96639 /* FLV */,
				5096149B19D6CB8F005F290E /* FLVTests */,
			);
		};
/* End PBXProject section */

/* Begin PBXReferenceProxy section */
		5003ABD919D6CE780038DD74 /* libAMF.a */ = {
			isa = PBXReferenceProxy;
			fileType = archive.ar;
			path = libAMF.a;
			remoteRef = 5003ABD819D6CE780038DD74 /* PBXContainerItemProxy */;
			sourceTree = BUILT_PRODUCTS_DIR;
		};
		5003ABDF19D6CE850038DD74 /* libCoreMediaPlus.a */ = {
			isa = PBXReferenceProxy;
			fileType = archive.ar;
			path = libCoreMediaPlus.a;
			remoteRef = 5003ABDE19D6CE850038DD74 /* PBXContainerItemProxy */;
			sourceTree = BUILT_PRODUCTS_DIR;
		};
		50BE06511A1A384B00E5901C /* AMFTests.xctest */ = {
			isa = PBXReferenceProxy;
			fileType = wrapper.cfbundle;
			path = AMFTests.xctest;
			remoteRef = 50BE06501A1A384B00E5901C /* PBXContainerItemProxy */;
			sourceTree = BUILT_PRODUCTS_DIR;
		};
		50BE06541A1A384B00E5901C /* CoreMediaPlusTests.xctest */ = {
			isa = PBXReferenceProxy;
			fileType = wrapper.cfbundle;
			path = CoreMediaPlusTests.xctest;
			remoteRef = 50BE06531A1A384B00E5901C /* PBXContainerItemProxy */;
			sourceTree = BUILT_PRODUCTS_DIR;
		};
/* End PBXReferenceProxy section */

/* Begin PBXResourcesBuildPhase section */
		5096149A19D6CB8F005F290E /* Resources */ = {
			isa = PBXResourcesBuildPhase;
			buildActionMask = 2147483647;
			files = (
			);
			runOnlyForDeploymentPostprocessing = 0;
		};
/* End PBXResourcesBuildPhase section */

/* Begin PBXSourcesBuildPhase section */
		5024F82218ED5DAE00B96639 /* Sources */ = {
			isa = PBXSourcesBuildPhase;
			buildActionMask = 2147483647;
			files = (
				5024F8EF18ED686B00B96639 /* CMSampleBuffer+FLV.c in Sources */,
				50BE06581A1A3BA500E5901C /* CMAudioFormatDescription+FLV.c in Sources */,
				5024F8E718ED672E00B96639 /* FLVWriter.m in Sources */,
				50BE064E1A1A384B00E5901C /* CMVideoFormatDescription+FLV.c in Sources */,
				5003ABF419D6D7BA0038DD74 /* CMAudioCodec+FLV.c in Sources */,
				5003ABF019D6D39C0038DD74 /* CMVideoCodec+FLV.c in Sources */,
			);
			runOnlyForDeploymentPostprocessing = 0;
		};
		5096149819D6CB8F005F290E /* Sources */ = {
			isa = PBXSourcesBuildPhase;
			buildActionMask = 2147483647;
			files = (
				509614A119D6CB8F005F290E /* FLVSampleMovie.m in Sources */,
			);
			runOnlyForDeploymentPostprocessing = 0;
		};
/* End PBXSourcesBuildPhase section */

/* Begin PBXTargetDependency section */
		5003ABE519D6CE9F0038DD74 /* PBXTargetDependency */ = {
			isa = PBXTargetDependency;
			name = AMF;
			targetProxy = 5003ABE419D6CE9F0038DD74 /* PBXContainerItemProxy */;
		};
		5003ABE719D6CE9F0038DD74 /* PBXTargetDependency */ = {
			isa = PBXTargetDependency;
			name = CoreMediaPlus;
			targetProxy = 5003ABE619D6CE9F0038DD74 /* PBXContainerItemProxy */;
		};
		509614A419D6CB8F005F290E /* PBXTargetDependency */ = {
			isa = PBXTargetDependency;
			target = 5024F82518ED5DAE00B96639 /* FLV */;
			targetProxy = 509614A319D6CB8F005F290E /* PBXContainerItemProxy */;
		};
/* End PBXTargetDependency section */

/* Begin XCBuildConfiguration section */
		5024F84818ED5DAE00B96639 /* Debug */ = {
			isa = XCBuildConfiguration;
			buildSettings = {
				ALWAYS_SEARCH_USER_PATHS = NO;
				CLANG_CXX_LANGUAGE_STANDARD = "gnu++0x";
				CLANG_CXX_LIBRARY = "libc++";
				CLANG_ENABLE_MODULES = YES;
				CLANG_ENABLE_OBJC_ARC = YES;
				CLANG_WARN_BOOL_CONVERSION = YES;
				CLANG_WARN_CONSTANT_CONVERSION = YES;
				CLANG_WARN_DIRECT_OBJC_ISA_USAGE = YES_ERROR;
				CLANG_WARN_EMPTY_BODY = YES;
				CLANG_WARN_ENUM_CONVERSION = YES;
				CLANG_WARN_INT_CONVERSION = YES;
				CLANG_WARN_OBJC_ROOT_CLASS = YES_ERROR;
				CLANG_WARN__DUPLICATE_METHOD_MATCH = YES;
				COPY_PHASE_STRIP = NO;
				GCC_C_LANGUAGE_STANDARD = gnu99;
				GCC_DYNAMIC_NO_PIC = NO;
				GCC_ENABLE_OBJC_EXCEPTIONS = YES;
				GCC_OPTIMIZATION_LEVEL = 0;
				GCC_PREPROCESSOR_DEFINITIONS = (
					"DEBUG=1",
					"$(inherited)",
				);
				GCC_SYMBOLS_PRIVATE_EXTERN = NO;
				GCC_WARN_64_TO_32_BIT_CONVERSION = YES;
				GCC_WARN_ABOUT_RETURN_TYPE = YES_ERROR;
				GCC_WARN_UNDECLARED_SELECTOR = YES;
				GCC_WARN_UNINITIALIZED_AUTOS = YES_AGGRESSIVE;
				GCC_WARN_UNUSED_FUNCTION = YES;
				GCC_WARN_UNUSED_VARIABLE = YES;
				HEADER_SEARCH_PATHS = (
					"$(inherited)",
					/Applications/Xcode.app/Contents/Developer/Toolchains/XcodeDefault.xctoolchain/usr/include,
					.,
					..,
				);
				MACOSX_DEPLOYMENT_TARGET = 10.9;
				ONLY_ACTIVE_ARCH = YES;
				SDKROOT = macosx;
			};
			name = Debug;
		};
		5024F84918ED5DAE00B96639 /* Release */ = {
			isa = XCBuildConfiguration;
			buildSettings = {
				ALWAYS_SEARCH_USER_PATHS = NO;
				CLANG_CXX_LANGUAGE_STANDARD = "gnu++0x";
				CLANG_CXX_LIBRARY = "libc++";
				CLANG_ENABLE_MODULES = YES;
				CLANG_ENABLE_OBJC_ARC = YES;
				CLANG_WARN_BOOL_CONVERSION = YES;
				CLANG_WARN_CONSTANT_CONVERSION = YES;
				CLANG_WARN_DIRECT_OBJC_ISA_USAGE = YES_ERROR;
				CLANG_WARN_EMPTY_BODY = YES;
				CLANG_WARN_ENUM_CONVERSION = YES;
				CLANG_WARN_INT_CONVERSION = YES;
				CLANG_WARN_OBJC_ROOT_CLASS = YES_ERROR;
				CLANG_WARN__DUPLICATE_METHOD_MATCH = YES;
				COPY_PHASE_STRIP = YES;
				DEBUG_INFORMATION_FORMAT = "dwarf-with-dsym";
				ENABLE_NS_ASSERTIONS = NO;
				GCC_C_LANGUAGE_STANDARD = gnu99;
				GCC_ENABLE_OBJC_EXCEPTIONS = YES;
				GCC_WARN_64_TO_32_BIT_CONVERSION = YES;
				GCC_WARN_ABOUT_RETURN_TYPE = YES_ERROR;
				GCC_WARN_UNDECLARED_SELECTOR = YES;
				GCC_WARN_UNINITIALIZED_AUTOS = YES_AGGRESSIVE;
				GCC_WARN_UNUSED_FUNCTION = YES;
				GCC_WARN_UNUSED_VARIABLE = YES;
				HEADER_SEARCH_PATHS = (
					"$(inherited)",
					/Applications/Xcode.app/Contents/Developer/Toolchains/XcodeDefault.xctoolchain/usr/include,
					.,
					..,
				);
				MACOSX_DEPLOYMENT_TARGET = 10.9;
				SDKROOT = macosx;
			};
			name = Release;
		};
		5024F84B18ED5DAE00B96639 /* Debug */ = {
			isa = XCBuildConfiguration;
			buildSettings = {
				COMBINE_HIDPI_IMAGES = YES;
				GCC_PRECOMPILE_PREFIX_HEADER = YES;
				PRODUCT_NAME = "$(TARGET_NAME)";
			};
			name = Debug;
		};
		5024F84C18ED5DAE00B96639 /* Release */ = {
			isa = XCBuildConfiguration;
			buildSettings = {
				COMBINE_HIDPI_IMAGES = YES;
				GCC_PRECOMPILE_PREFIX_HEADER = YES;
				PRODUCT_NAME = "$(TARGET_NAME)";
			};
			name = Release;
		};
		509614A519D6CB8F005F290E /* Debug */ = {
			isa = XCBuildConfiguration;
			buildSettings = {
				CLANG_WARN_UNREACHABLE_CODE = YES;
				COMBINE_HIDPI_IMAGES = YES;
				ENABLE_STRICT_OBJC_MSGSEND = YES;
				FRAMEWORK_SEARCH_PATHS = (
					"$(DEVELOPER_FRAMEWORKS_DIR)",
					"$(inherited)",
				);
				GCC_PREPROCESSOR_DEFINITIONS = (
					"DEBUG=1",
					"$(inherited)",
				);
				INFOPLIST_FILE = FLVTests/Info.plist;
				LD_RUNPATH_SEARCH_PATHS = "$(inherited) @executable_path/../Frameworks @loader_path/../Frameworks";
				MACOSX_DEPLOYMENT_TARGET = 10.10;
				MTL_ENABLE_DEBUG_INFO = YES;
				PRODUCT_NAME = "$(TARGET_NAME)";
			};
			name = Debug;
		};
		509614A619D6CB8F005F290E /* Release */ = {
			isa = XCBuildConfiguration;
			buildSettings = {
				CLANG_WARN_UNREACHABLE_CODE = YES;
				COMBINE_HIDPI_IMAGES = YES;
				ENABLE_STRICT_OBJC_MSGSEND = YES;
				FRAMEWORK_SEARCH_PATHS = (
					"$(DEVELOPER_FRAMEWORKS_DIR)",
					"$(inherited)",
				);
				INFOPLIST_FILE = FLVTests/Info.plist;
				LD_RUNPATH_SEARCH_PATHS = "$(inherited) @executable_path/../Frameworks @loader_path/../Frameworks";
				MACOSX_DEPLOYMENT_TARGET = 10.10;
				MTL_ENABLE_DEBUG_INFO = NO;
				PRODUCT_NAME = "$(TARGET_NAME)";
			};
			name = Release;
		};
/* End XCBuildConfiguration section */

/* Begin XCConfigurationList section */
		5024F82118ED5DAE00B96639 /* Build configuration list for PBXProject "FLV-OSX" */ = {
			isa = XCConfigurationList;
			buildConfigurations = (
				5024F84818ED5DAE00B96639 /* Debug */,
				5024F84918ED5DAE00B96639 /* Release */,
			);
			defaultConfigurationIsVisible = 0;
			defaultConfigurationName = Release;
		};
		5024F84A18ED5DAE00B96639 /* Build configuration list for PBXNativeTarget "FLV" */ = {
			isa = XCConfigurationList;
			buildConfigurations = (
				5024F84B18ED5DAE00B96639 /* Debug */,
				5024F84C18ED5DAE00B96639 /* Release */,
			);
			defaultConfigurationIsVisible = 0;
			defaultConfigurationName = Release;
		};
		509614A719D6CB8F005F290E /* Build configuration list for PBXNativeTarget "FLVTests" */ = {
			isa = XCConfigurationList;
			buildConfigurations = (
				509614A519D6CB8F005F290E /* Debug */,
				509614A619D6CB8F005F290E /* Release */,
			);
			defaultConfigurationIsVisible = 0;
			defaultConfigurationName = Release;
		};
/* End XCConfigurationList section */
	};
	rootObject = 5024F81E18ED5DAE00B96639 /* Project object */;
}
